{
    "_meta": {
        "hash": {
            "sha256": "54080b04e1210f6ee03f4baf1e92fb681f3ba1a8e3548d96f285d732e150fe44"
        },
        "host-environment-markers": {
            "implementation_name": "cpython",
            "implementation_version": "3.5.2",
            "os_name": "posix",
            "platform_machine": "x86_64",
            "platform_python_implementation": "CPython",
            "platform_release": "4.4.0-97-generic",
            "platform_system": "Linux",
            "platform_version": "#120-Ubuntu SMP Tue Sep 19 17:28:18 UTC 2017",
            "python_full_version": "3.5.2",
            "python_version": "3.5",
            "sys_platform": "linux"
        },
        "pipfile-spec": 6,
        "requires": {},
        "sources": [
            {
                "name": "pypi",
                "url": "https://pypi.python.org/simple",
                "verify_ssl": true
            }
        ]
    },
    "default": {
        "attrs": {
            "hashes": [
                "sha256:a7e0d9183f6457de12df7ba6a81f6569c7d6b25f67ad509b5ad52e8545970a2f",
                "sha256:5d4d1b99f94d69338f485984127e4473b3ab9e20f43821b0e546cc3b2302fd11"
            ],
            "version": "==17.2.0"
        },
        "automat": {
            "hashes": [
                "sha256:2140297df155f7990f6f4c73b2ab0583bd8150db9ed2a1b48122abe66e9908c1",
                "sha256:3c1fd04ecf08ac87b4dd3feae409542e9bf7827257097b2b6ed5692f69d6f6a8"
            ],
            "version": "==0.6.0"
        },
        "certifi": {
            "hashes": [
                "sha256:244be0d93b71e93fc0a0a479862051414d0e00e16435707e5bf5000f92e04694",
                "sha256:5ec74291ca1136b40f0379e1128ff80e866597e4e2c1e755739a913bbc3613c0"
            ],
            "version": "==2017.11.5"
        },
        "chardet": {
            "hashes": [
                "sha256:fc323ffcaeaed0e0a02bf4d117757b98aed530d9ed4531e3e15460124c106691",
                "sha256:84ab92ed1c4d4f16916e05906b6b75a6c0fb5db821cc65e70cbd64a3e2a5eaae"
            ],
            "version": "==3.0.4"
        },
        "click": {
            "hashes": [
                "sha256:29f99fc6125fbc931b758dc053b3114e55c77a6e4c6c3a2674a2dc986016381d",
                "sha256:f15516df478d5a56180fbf80e68f206010e6d160fc39fa508b65e035fd75130b"
            ],
            "version": "==6.7"
        },
        "configparser": {
            "hashes": [
                "sha256:5308b47021bc2340965c371f0f058cc6971a04502638d4244225c49d80db273a"
            ],
            "version": "==3.5.0"
        },
        "constantly": {
            "hashes": [
                "sha256:dd2fa9d6b1a51a83f0d7dd76293d734046aa176e384bf6e33b7e44880eb37c5d",
                "sha256:586372eb92059873e29eba4f9dec8381541b4d3834660707faf8ba59146dfc35"
            ],
            "version": "==15.1.0"
        },
        "docopt": {
            "hashes": [
                "sha256:49b3a825280bd66b3aa83585ef59c4a8c82f2c8a522dbe754a8bc8d08c85c491"
            ],
            "version": "==0.6.2"
        },
        "enum34": {
            "hashes": [
                "sha256:6bd0f6ad48ec2aa117d3d141940d484deccda84d4fcd884f5c3d93c23ecd8c79",
                "sha256:644837f692e5f550741432dd3f223bbb9852018674981b1664e5dc339387588a",
                "sha256:8ad8c4783bf61ded74527bffb48ed9b54166685e4230386a9ed9b1279e2df5b1",
                "sha256:2d81cbbe0e73112bdfe6ef8576f2238f2ba27dd0d55752a776c41d38b7da2850"
            ],
            "version": "==1.1.6"
        },
        "et-xmlfile": {
            "hashes": [
                "sha256:614d9722d572f6246302c4491846d2c393c199cfa4edc9af593437691683335b"
            ],
            "version": "==1.0.1"
        },
        "faker": {
            "hashes": [
                "sha256:f2d7f4b0956bd610645aa7c62ae6a30fc323936b6298e521847410509236f389",
                "sha256:3c98dd04bba667ecfddb77fcd0dfd19b376b258d21beeaf5b95578826e275a83"
            ],
            "version": "==0.8.6"
        },
        "flask": {
            "hashes": [
                "sha256:0749df235e3ff61ac108f69ac178c9770caeaccad2509cb762ce1f65570a8856",
                "sha256:49f44461237b69ecd901cc7ce66feea0319b9158743dd27a2899962ab214dac1"
            ],
            "version": "==0.12.2"
        },
        "gevent": {
            "hashes": [
                "sha256:9b492bb1a043540abb6e54fdb5537531e24962ca49c09f3b47dc4f9c37f6297c",
                "sha256:de13a8e378103af84a8bf6015ad1d2761d46f29b8393e8dd6d9bb7cb51bbb713",
                "sha256:deafd70d04ab62428d4e291e8e2c0fb22f38690e6a9f23a67ee6c304087634da",
                "sha256:b67a10799923f9fed546ca5f8b93a2819c71a60132d7a97b4a13fbdab66b278a",
                "sha256:35790f1a3c8e431ada3471b70bb2105050009ea4beb15cbe41b86bc716a7ffa9",
                "sha256:c9dd6534c46ed782e2d7236767cd07115cb29ce8670c2fc0794f264de9024fe0",
                "sha256:b7e0e6400c2f3ce78a9ae1cdd55b53166feedd003d60c033863881227129a4d3",
                "sha256:0901975628790e8a57fc92bb7062e5b856edea48c8de9caf36cfda14eae07329",
                "sha256:df52e06a2754c2d905aad75a7dc06a732c804d9edbc87f06f47c8f483ba98bca",
                "sha256:70558dd45c7a1f8046ba45792e489dd0f409bd8a3b7a0635ca9d3055223b3dff",
                "sha256:8a710eddb3e9e5f22bdbd458b5f211b94f59409ecd6896f15b9fee2cba266a59",
                "sha256:60109741377367eef8ded9283a1bf629621b73acaf3e1e8aac9d1a0f50fa0f05",
                "sha256:552719cec4721673b8c7d2f9de666e3f7591b9b182f801ecaef1c76e638052aa",
                "sha256:a16db4f56699ef07f0249b953ff949aae641e50b2bdc4710f11c0d8d9089b296",
                "sha256:59e9237af027f8db85e5d78a9da2e328ae96f01d67a0d62abcecad3db7876908",
                "sha256:833bebdc36bfeeedefc200ca9aee9b8eddd80f56b63ca1e886e18b97b1240edd",
                "sha256:81cb24e0f7bd9888596364e8d8ed0d65c2547c84884c67bb46d956faeed67396",
                "sha256:1af93825db5753550fa8ff5ab2f2132e8733170b3f8d38347b34fa4a984cb624",
                "sha256:2ff045a91509c35664c27a849c8cbf742a227f587b7cdbc88301e9c85dcaedff",
                "sha256:a66cf99f08da65c501826a19e30f5a6e7ba942fdd79baba5ce2d51eebaa13444",
                "sha256:4791c8ae9c57d6f153354736e1ccab1e2baf6c8d9ae5a77a9ac90f41e2966b2d",
                "sha256:74bce0c30bb2240e3d5d515ba8cb3eadf840c2bde7109a1979c7a26c9d0f5a6a",
                "sha256:a0ed8ba787b9c0c1c565c2675d71652e6c1e2d4e91f53530860d0303e867fe85",
                "sha256:c35b29de49211014ec66d056fd4f9ba7a04795e2a654697f72879c0cf365d6d4",
                "sha256:6892fabc9051e8c0a171d543b6536859aabeb6d169db79b2f45d64dc2a15808c",
                "sha256:fce894a64db3911897cdad6c37fbb23dfb18b7bf8b9cb8c00a8ea0a7253651c9",
                "sha256:4f098002126ebef7f2907188b6c8b09e5193161ce968847d9e6a8bc832b0db9a",
                "sha256:33fa6759eabc9176ddbe0d29b66867a82e19a61f06eb7cfabbac35343c0ecf24",
                "sha256:7f93b67b680f4a921f517294048d05f8f6f0ed5962b78d6685a6cf0fcd7d8202"
            ],
            "version": "==1.2.2"
        },
        "greenlet": {
            "hashes": [
                "sha256:96888e47898a471073b394ea641b7d675c1d054c580dd4a04a382bd34e67d89e",
                "sha256:d2d5103f6cba131e1be660230018e21f276911d2b68b629ead1c5cb5e5472ac7",
                "sha256:bc339de0e0969de5118d0b62a080a7611e2ba729a90f4a3ad78559c51bc5576d",
                "sha256:b8ab98f8ae25938326dc4c21e3689a933531500ae4f3bfcefe36e3e25fda4dbf",
                "sha256:416a3328d7e0a19aa1df3ec09524a109061fd7b80e010ef0dff9f695b4ac5e20",
                "sha256:21232907c8c26838b16915bd8fbbf82fc70c996073464cc70981dd4a96bc841c",
                "sha256:6803d8c6b235c861c50afddf00c7467ffbcd5ab960d137ff0f9c36f2cb11ee4b",
                "sha256:76dab055476dd4dabb00a967b4df1990b25542d17eaa40a18f66971d10193e0b",
                "sha256:70b9ff28921f5a3c03df4896ec8c55f5f94c593d7a79abd98b4c5c4a692ba873",
                "sha256:7114b757b4146f4c87a0f00f1e58abd4c4729836679af0fc37266910a4a72eb0",
                "sha256:0d90c709355ed13f16676f84e5a9cd67826a9f5c5143381c21e8fc3100ade1f1",
                "sha256:ebae83b6247f83b1e8d887733dfa8046ce6e29d8b3e2a7380256e9de5c6ae55d",
                "sha256:e841e3ece633acae5e2bf6102140a605ffee7d5d4921dca1625c5fdc0f0b3248",
                "sha256:3e5e9be157ece49e4f97f3225460caf758ccb00f934fcbc5db34367cc1ff0aee",
                "sha256:e77b708c37b652c7501b9f8f6056b23633c567aaa0d29edfef1c11673c64b949",
                "sha256:0da1fc809c3bdb93fbacd0f921f461aacd53e554a7b7d4e9953ba09131c4206e",
                "sha256:66fa5b101fcf4521138c1a29668074268d938bbb7de739c8faa9f92ea1f05e1f",
                "sha256:e5451e1ce06b74a4861576c2db74405a4398c4809a105774550a9e52cfc8c4da",
                "sha256:9c407aa6adfd4eea1232e81aa9f3cb3d9b955a9891c4819bf9b498c77efba14b",
                "sha256:b56ac981f07b77e72ad5154278b93396d706572ea52c2fce79fee2abfcc8bfa6",
                "sha256:e4c99c6010a5d153d481fdaf63b8a0782825c0721506d880403a3b9b82ae347e"
            ],
            "version": "==0.4.12"
        },
        "hyperlink": {
            "hashes": [
                "sha256:1ec8e11fb4f5b330f25864bf8cfd3133dff1a3637dfd14fa441297df15fc7cf9",
                "sha256:bc4ffdbde9bdad204d507bd8f554f16bba82dd356f6130cb16f41422909c33bc"
            ],
            "version": "==17.3.1"
        },
        "idna": {
            "hashes": [
                "sha256:8c7309c718f94b3a625cb648ace320157ad16ff131ae0af362c9f21b80ef6ec4",
                "sha256:2c6a5de3089009e3da7c5dde64a141dbc8551d5b7f6cf4ed7c2568d0cc520a8f"
            ],
            "version": "==2.6"
        },
        "incremental": {
            "hashes": [
                "sha256:717e12246dddf231a349175f48d74d93e2897244939173b01974ab6661406b9f",
                "sha256:7b751696aaf36eebfab537e458929e194460051ccad279c72b755a167eebd4b3"
            ],
            "version": "==17.5.0"
        },
        "itsdangerous": {
            "hashes": [
                "sha256:cbb3fcf8d3e33df861709ecaf89d9e6629cff0a217bc2848f1b41cd30d360519"
            ],
            "version": "==0.24"
        },
        "jdcal": {
            "hashes": [
                "sha256:b760160f8dc8cc51d17875c6b663fafe64be699e10ce34b6a95184b5aa0fdc9e"
            ],
            "version": "==1.3"
        },
        "jinja2": {
            "hashes": [
                "sha256:2231bace0dfd8d2bf1e5d7e41239c06c9e0ded46e70cc1094a0aa64b0afeb054",
                "sha256:ddaa01a212cd6d641401cb01b605f4a4d9f37bfc93043d7f760ec70fb99ff9ff"
            ],
            "version": "==2.9.6"
        },
        "jsane": {
            "hashes": [
                "sha256:eca33311c09f6e223909b2ac055775f87d9cc803a348d0a4c63ece6bf53f8aa3",
                "sha256:21dd7908b9f9797ce4baf2d79df43a298b2346be3788897684e7749107016ab8"
            ],
            "version": "==0.1.1"
        },
        "locustio": {
            "hashes": [
                "sha256:64583987ba1c330bb071aee3e29d2eedbfb7c8b342fa064bfb74fafcff660d61"
            ],
            "version": "==0.8.1"
        },
        "lxml": {
            "hashes": [
                "sha256:41f59cbdab232f11680d5d4dec9f2e6782fd24d78e37ee833447702e34e675f4",
                "sha256:e7e41d383f19bab9d57f5f3b18d158655bcd682e7e723f441b9e183e1e35a6b5",
                "sha256:155521c337acecf8202091cff85bb9f709f238130ebadf04280fb1db11f5ad8b",
                "sha256:d2c985d2460b81c6ca5feb8b86f1bc594ad59405d0bdf68626b85852b701553c",
                "sha256:950e63387514aa1b881eba5ac6cb2ec51a118b3dafe99dd80ca19d8fb0142f30",
                "sha256:470d7ce41e8047208ba1a376560bad17f1468df1f3097bc83902b26cfafdbb0c",
                "sha256:e608839a5ee2180164424ccf279c8e2d9bbe8816d002c58fd97d6b621ba4aa94",
                "sha256:87a66bcadac270fc010cb029022a93fc722bf1204a8b03e782d4c790f0edf7ca",
                "sha256:2dedfeeecc2d5a939cf622602f5a1ce443ca82407f386880f739f1a9f08053ad",
                "sha256:ba05732e4bcf59e948f61588851dcf620fd60d5bbd9d704203e5f59bbaa60219",
                "sha256:2190266059fec3c5a55f9d6c30532c64c6d414d3228909c0af573fe4907e78d1",
                "sha256:dd291debfaa535d9cb6cee8d7aca2328775e037d02d13f1634e57f49bc302cc4",
                "sha256:29a36e354c39b2e24bc4ee103de53417ebb80f976a6ab9e8d093d559e2ac03e1",
                "sha256:e37427d5a27eefbcfc48847e0b37f348113fac7280bc857421db39ffc6372570",
                "sha256:b106d4d2383382399ad82108fd187e92f40b1c90f55c2d36bbcb1c44bcf940fc",
                "sha256:0ee07da52d240f1dc3c83eef5cd5f1b7f018226c1121f2a54d446645779a6d17",
                "sha256:3b33549fb8f91b38a7500078242b03cca513f3412a2cdae722e89bf83f95971d",
                "sha256:4c12e90886d9c53ab434c8d0cebea122321cce19614c3c6b6d1a7700d7cc6212",
                "sha256:79322000279cda10b53c374d53ca632ead3bc51c6aebf8e62c8fa93a4d08b750",
                "sha256:6cba398eb37e0631e60e0e080c101cfe91769b2c8267105b64b4625e2581ea21",
                "sha256:49a655956f8de69e1258bc0fcfc43eb3bd1e038655784d77d1869b4b81444e37",
                "sha256:af8a5373241d09b8fc53e0490e1719ce5dc90a21b19db89b6596c1adcdd52270",
                "sha256:e6b6698415c7e8d227a47a3b1038e1b37c2b438a1b48c2db7ad9e74ddbcd1149",
                "sha256:155c916cf2645b4a8f2bd5d09065e92d1b67b8d464bdc001e0b524af84bedf6f",
                "sha256:fa7320679ced5e25b20203d157280680fc84eb783b6cc650cb0c98e1858b7dd3",
                "sha256:4187c4b0cefc3353181db048c51f42c489d9ac51e40b86c4851dc0671372971d",
                "sha256:d5d29663e979e83b3fc361e97200f959cddb3a14797391d15273d84a5a8ae44b",
                "sha256:940caef1ec7c78e0c34b0f6b94fe42d0f2022915ffc78643d28538a5cfd0f40e"
            ],
            "version": "==4.1.1"
        },
        "markupsafe": {
            "hashes": [
                "sha256:a6be69091dac236ea9c6bc7d012beab42010fa914c459791d627dad4910eb665"
            ],
            "version": "==1.0"
        },
        "msgpack-python": {
            "hashes": [
                "sha256:637b012c9ea021de7a7a75d6ff5e82cfef6694babd7e14bb9a3adcb2a5bd52f0",
                "sha256:658c1cd5dcf7786e0e7a6d523cd0c5b33f92e139e224bd73cb3a23ada618d2dc",
                "sha256:920bbbaee07ad048a4d2b4160901b19775c61ef9439f856c74509e763a326249",
                "sha256:e165006f7e3d2612f1bffe2f6f042ca317d8df724d8b72a39b14c2e46c67eaae",
                "sha256:95d70edd50e3d2f6ea1189f77190e4a0172626e7405ddd1689f3f64814447cba",
                "sha256:7e1b12ea0134460052fabcfaa0f488ec0fc21deb14832d66236fd2870757d8f1",
                "sha256:8f36890251f20d96267618cf64735759d7ef7e91bc0b86b9480547d2d1397a68",
                "sha256:1e68a277e4180baa7789be36f27f0891660205f6209f78a32282d3c422873d78",
                "sha256:f52d9f96df952369fe4adcb0506e10c1c92d47f653f601a66da2a26a7e7141ea",
                "sha256:58c9c1d7891a35bddc6ee5dbec10d347a7ae4983169c24fc5fc8a57ae792ca76",
                "sha256:1a2b19df0f03519ec7f19f826afb935b202d8979b0856c6fb3dc28955799f886"
            ],
            "version": "==0.4.8"
        },
        "namedlist": {
            "hashes": [
                "sha256:190b39ceaf1d6b59999811259e61beb1b26aaa482fb8c95538294d551461c986"
            ],
            "version": "==1.7"
        },
        "odfpy": {
            "hashes": [
                "sha256:6db9bb1c9ea2d55d60e508a1318fd285442a8342b785704ea08598a260875a83",
                "sha256:6f8163f8464868cff9421a058f25566e41d73c8f7e849c021b86630941b44366"
            ],
            "version": "==1.3.5"
        },
        "openpyxl": {
            "hashes": [
                "sha256:95e007f4d121f4fd73f39a6d74a883c75e9fa9d96de91d43c1641c103c3a9b18"
            ],
            "version": "==2.4.9"
        },
        "py": {
            "hashes": [
                "sha256:2ccb79b01769d99115aa600d7eed99f524bf752bba8f041dc1c184853514655a",
                "sha256:0f2d585d22050e90c7d293b6451c83db097df77871974d90efd5a30dc12fcde3"
            ],
            "version": "==1.4.34"
        },
        "pymongo": {
            "hashes": [
                "sha256:3eda499d1a6e584c448b8abb66c4cb7af02ba50f70a99a3063c4d9c460130e38",
                "sha256:8946a46e3b9c4a7f0feb6909093594ab10771bda0fc4601901666b27043fc100",
                "sha256:a02035ab7ebef71f7fc4aaa0c2344bcc7d74c6de64a000464184f8cb9496966f",
                "sha256:8de6afe3aa34be4800a0bc49ce8f0d05c5e936b4ec297322e64bb6db8e5fd754",
                "sha256:d0e516d07979c43a65927cd98c8bda84c7620f09658e9f424ebfff8f28994f77",
                "sha256:521676f3f2739a6b92d8d7bd7141653594e609b5827a382b0b9d76da69eefb2e",
                "sha256:28be0827bd176c844fc0c06d99dae95bf0f720b6ff3616099f3ab6d0e1742602",
                "sha256:ffaf9e135f9321423ac50035c4e3854b4f668e5a46c81d2e3341ae0504279ba3",
                "sha256:a11b456b549583d76a1ccca20a4a0ee710489e67753b3f3082cd929556693f31",
                "sha256:39961f650fca9b3c6a8294a47707c328283d42e298712030b1992083900f00c3",
                "sha256:dd647f898031efefc093c14960b531ce13c10cd704dc0b43604cb93b168719e5",
                "sha256:41c892df7f67ec9aa76f4e1b4e093ac18d9a9ebafa6c60fc4e57db68eadb0d87",
                "sha256:a516bddf391ccded8a9fe75672200bfedb20449e09661f3f785e8e695a6b15e4",
                "sha256:0f0e2cd634a5f97fe84b8a860c52e86cee488764031505cdc7c855f01fed7bd4",
                "sha256:ef5dc292d27cb65a04776eaf0c9b5e6a87d6fd03f272a7043816fb8b946f4d8d",
                "sha256:fd22e54beb634e3568638862f305ccd3a78a89fa14a2b62397255b3510eb6bca",
                "sha256:c612ed53c88071da75a4998add30971d9e90e80c83339c86e3be5ebd6913e32b",
                "sha256:8077f89268d702dfae5a633a389f7775122e4146e05e9d6c8b0ee12c91e4d84c",
                "sha256:2652d255b3a0b16a49c743879e882d6c3de40166282fa791075ad5db0285cbb4",
                "sha256:0ce91b475d50b70388f512a2780bf91b0de643175d3f60bae3786ee4f133e751",
                "sha256:d3aabb3dfc564d4b797c3805f3f3b4ce24de6c7150041f9caad536f4c672110b",
                "sha256:57197ac3f47eeef633eec0ea46ddc3895904d0daf2bd271d85a5d691de539171",
                "sha256:166746d50df39c3d293ff26f18c64d728b4ac59b3d1940fb6475ad22820ba439",
                "sha256:abbcbdabe9fd64b107f3aef5c68a20f22906c5f941e75b8414a026e8860af489",
                "sha256:1863a7ee4080388a7e247c7f8040c2a1e1288cecc3792cdcbe25a4b55a3f4a75",
                "sha256:906a13ad6081c5cb5c6862879bc22aa738a4ae12561c6b4ae64d2ff1b4fc47f5",
                "sha256:a7c3a6f32eb910fbdc0dde9aca9fb5407726cd21504d0a67334109f6aaade94e",
                "sha256:4b68b6defa12b96e1087871e677ee8b9d67bbf57b1b70ee54ed19d2ee9dca538",
                "sha256:bc2e6b5bc53269cad1f06ac32a86777a3b8761459f155c6bb14b25844720c0b1",
                "sha256:728a624a35383b147f2fca6051fb9604c7209ad0d9b65e35bf429e563d999e8a",
                "sha256:6c2b1b2ec87873c1d1e38b32378ad428409264d674cceaf1552d557d7f961e57",
                "sha256:38fddffcd47b51415eef97290643dda4e72c7bf32af798df128d9ad94196f029",
                "sha256:d2701658ea78ad484cd077fecb68de130de9a4ed784cc0a62d8d1d549d2b3fff",
                "sha256:cf8846fb59caffa587ba14da78f8fb23dba85017e009c1d752469b0005c444bf",
                "sha256:187d3ad2377a14553e5a185e1ad6e97cc60f7b939b4bb027c815ec77c482077c",
                "sha256:f61846b324456c388b11b5b2231aa15f93b521a4661ff1bc74c351d6b1f92f1b",
                "sha256:7707ed70ea993dbde549979065afb5d5d00ba6c3cf7da20f17e8614b68ffe88a",
                "sha256:0406a8b7b913849cce46a5627af4d799f2569692b848768243400984838e0ee4",
                "sha256:7c9bf2cb808e692ccc02f84069744496f65b656218fabdc289014900834bd906",
                "sha256:de34e59bd786bf54c0a1e6bcb383f42bd7c0fd516ffdd9bed8f00fbcdb4138c0",
                "sha256:a5eb01a8cf44d15c92a58cdb06fa0137084d33279b1d0db8db8144a16b4efe64",
                "sha256:0e8c06be657833c71113a9f9de014ea8507c942cfbfc035e0858e496e11d4521",
                "sha256:336cfaff2b25210355864b547417c37aca2fd71450440a16156bfaadcbc0537b",
                "sha256:fe84e35792193b8b7436cfeb0dc6df9bd77d1ce47321be8e40fb3e0277a5941a",
                "sha256:2402fd747dede03c0651a27c69b14cc1122afbe13ab4be96ddd77f617e8ae547",
                "sha256:b0810290e450d680fafe277adee94e7fc9d306df3b6cde7379482ff31e4ebcdf",
                "sha256:190f7b10e51bb4302bc97ab9f032447016c173af181fc6019e39c1e5d965a3cf",
                "sha256:a792ad4448aa316d66f0dd47a736e18497e7d535aa33e57c6c38c1d518ff8f8d",
                "sha256:0da7d92b45ef757357cc53539ff7c99328b50abf6bc930e4ab19f8b2fe1418da",
                "sha256:1f1da2f5235911666f51c889dcd73cc604981df79b1c189adeed5aa90bfb637f",
                "sha256:b5c733bacc61255484523c93e748527be9b92ea2714cd61e3aa84ad13f822154",
                "sha256:a2db35462e056062f9906d36701e64c49c57007f438ba778cdeca68b08ca6937",
                "sha256:e820d93414f3bec1fa456c84afbd4af1b43ff41366321619db74e6bc065d6924"
            ],
            "version": "==3.5.1"
        },
        "pytest": {
            "hashes": [
                "sha256:81a25f36a97da3313e1125fce9e7bbbba565bc7fec3c5beb14c262ddab238ac1",
                "sha256:27fa6617efc2869d3e969a3e75ec060375bfb28831ade8b5cdd68da3a741dc3c"
            ],
            "version": "==3.2.3"
        },
        "pytest-allure-adaptor": {
            "hashes": [
                "sha256:80db0c0a247b6fafb71d3191027241e921a6dbd397639f87adc9b3ed7021bff0",
                "sha256:7369c1bc7b835d5649d24b11c5cf25eed6460bab7d5524a90b4896ae858fbab3",
                "sha256:49397beecac45c53d7fbfbf5f4096cd5390cd3c72e40eea5ded373bf886c4fcd"
            ],
            "version": "==1.7.9"
        },
        "python-dateutil": {
            "hashes": [
                "sha256:95511bae634d69bc7329ba55e646499a842bc4ec342ad54a8cdb65645a0aad3c",
                "sha256:891c38b2a02f5bb1be3e4793866c8df49c7d19baabf9c1bad62547e0b4866aca"
            ],
            "version": "==2.6.1"
        },
        "pyyaml": {
            "hashes": [
                "sha256:3262c96a1ca437e7e4763e2843746588a965426550f3797a79fca9c6199c431f",
                "sha256:16b20e970597e051997d90dc2cddc713a2876c47e3d92d59ee198700c5427736",
                "sha256:e863072cdf4c72eebf179342c94e6989c67185842d9997960b3e69290b2fa269",
                "sha256:bc6bced57f826ca7cb5125a10b23fd0f2fff3b7c4701d64c439a300ce665fff8",
                "sha256:c01b880ec30b5a6e6aa67b09a2fe3fb30473008c85cd6a67359a1b15ed6d83a4",
                "sha256:827dc04b8fa7d07c44de11fabbc888e627fa8293b695e0f99cb544fdfa1bf0d1",
                "sha256:592766c6303207a20efc445587778322d7f73b161bd994f227adaa341ba212ab",
                "sha256:5f84523c076ad14ff5e6c037fe1c89a7f73a3e04cf0377cb4d017014976433f3",
                "sha256:0c507b7f74b3d2dd4d1322ec8a94794927305ab4cebbe89cc47fe5e81541e6e8",
                "sha256:b4c423ab23291d3945ac61346feeb9a0dc4184999ede5e7c43e1ffb975130ae6",
                "sha256:ca233c64c6e40eaa6c66ef97058cdc80e8d0157a443655baa1b2966e812807ca",
                "sha256:4474f8ea030b5127225b8894d626bb66c01cda098d47a2b0d3429b6700af9fd8",
                "sha256:326420cbb492172dec84b0f65c80942de6cedb5233c413dd824483989c000608",
                "sha256:5ac82e411044fb129bae5cfbeb3ba626acb2af31a8d17d175004b70862a741a7"
            ],
            "version": "==3.12"
        },
        "pyzmq": {
            "hashes": [
                "sha256:f88d8ffa32bf729bed806ca3205846ed98b61f149562dc828db5c3a2194ca0c3",
                "sha256:83c30a7fa401d5f26378414c6e67bdf8633780cf514b31bd2084b9ab4b226484",
                "sha256:5f357871b560bfacfa62a737292c59b42fe06c6e3433567f49f42dec32b45b11",
                "sha256:6602d9958656a255a067ab87b569695a51e275bb77111b057c12ac702544fdca",
                "sha256:068977e0f5cfba05d910df9899bcbd379e6536666ddabb2ce6a1218673229c65",
                "sha256:29fe1d6a79ea3b4cfcb3b23ef2159b34a42a347f74010fe5510484543a5367e2",
                "sha256:09ecf151c912f1d0907bfda331fa0ed5cd0032bf1d8733512f1befc8e89b387f",
                "sha256:edde3830b2ac4c97f11fdafeea02dffd2343b470482864a3cd3894c839a0a416",
                "sha256:37d7c8bfa3c7e8121ca7a71fe807cd5b63793d05ad598df53449d49e5dea1cc3",
                "sha256:9848772e952f2addbb77182ae14ef201fd4f0e394e6e73c4620b9fd8f154f4a9",
                "sha256:4d2bda85a2fe827fe1cce007f4bab20dae4bf56fa468d19bc730bb225c349bf3",
                "sha256:7ded1d19978e52557348fd89f2c3f67eb73c19700b248355bcc50ac582387a95",
                "sha256:b3c6abbebd79866465d6bbc0ab239cc4d1ba3bcce203b5294bb494665dcf4105",
                "sha256:c382cb87d65de9718c738ee3a2f4f7c8444bd5d1a002bd370b5365d906c13f27",
                "sha256:f41626459031c36457a6af56dd91e432b315b0bce8458ba08edbf6e4de88b467",
                "sha256:afe36a0ab8ada3b8d9a005c6aaca8a434c425bd019b7fa6d323b9fda46157389",
                "sha256:686ffacf9c62bdd4253ab3e093b32aaf195961c7545583a416cc534caa8a5900",
                "sha256:09802528d0092b70131a9df92c975bb625cf2038fc0f53915bf51ffa665a7957",
                "sha256:22ea664f4d115cd9fa0f2dc8c907298437f4d2fcf0677c18eddf45da2436f923",
                "sha256:505d2a4fc2a899d30663e12550dca3d17d48c5796dd1307a0197656bc40b67c8",
                "sha256:657147db62a16794aca7a18b51139180bc98d6249931507b1c8ef696607ada43",
                "sha256:3a942e278f79ddcf455ba160881a95de474123667c3c847683bc3ae1929093f5",
                "sha256:8a883824147523c0fe76d247dd58994c1c28ef07f1cc5dde595a4fd1c28f2580"
            ],
            "version": "==16.0.3"
        },
        "records": {
            "hashes": [
                "sha256:6d060a2b44ecc198d4e86efd5dab8558a2581b4019970bd8839e1604a243f57e",
                "sha256:238cba35e8efbb724493bbb195bd027d9e78db4a978597969a7af0f722ac3686"
            ],
            "version": "==0.5.2"
        },
        "redis": {
            "hashes": [
                "sha256:8a1900a9f2a0a44ecf6e8b5eb3e967a9909dfed219ad66df094f27f7d6f330fb",
                "sha256:a22ca993cea2962dbb588f9f30d0015ac4afcc45bee27d3978c0dbe9e97c6c0f"
            ],
            "version": "==2.10.6"
        },
        "requests": {
            "hashes": [
                "sha256:6a1b267aa90cac58ac3a765d067950e7dbbf75b1da07e895d1f594193a40a38b",
                "sha256:9c443e7324ba5b85070c4a818ade28bfabedf16ea10206da1132edaa6dda237e"
            ],
            "version": "==2.18.4"
        },
        "requests-threads": {
            "hashes": [
                "sha256:7740be27cc7b425019e2655f06b6c17ee459c3e7f63cb8c4400fea3a61e0b2f1",
                "sha256:923ffece26c18a1d20e34c4f037c58c311f1e15b342a1485a84dd968f377efb0"
            ],
            "version": "==0.1.1"
        },
        "schema": {
            "hashes": [
                "sha256:0e1b5453ea462a10744c612bc8989e2a058609beac7deba9edbac8c5b1a2e2b0",
                "sha256:758b59ffc654d3794f6edd6e67db948f26164ddcd3cd7dde8bbeefc4934482d3"
            ],
            "version": "==0.6.6"
        },
        "six": {
            "hashes": [
                "sha256:832dc0e10feb1aa2c68dcc57dbb658f1c7e65b9b61af69048abc87a2db00a0eb",
                "sha256:70e8a77beed4562e7f14fe23a786b54f6296e34344c23bc42f07b15018ff98e9"
            ],
            "version": "==1.11.0"
        },
        "sqlalchemy": {
            "hashes": [
                "sha256:8b79a5ed91cdcb5abe97b0045664c55c140aec09e5dd5c01303e23de5fe7a95a"
            ],
            "version": "==1.1.15"
        },
        "tablib": {
            "hashes": [
                "sha256:b8cf50a61d66655229993f2ee29220553fb2c80403479f8e6de77c0c24649d87"
            ],
            "version": "==0.12.1"
        },
        "text-unidecode": {
            "hashes": [
                "sha256:b7a515d2b14d476b35f7701ceac9872737cbb7a8b2cd07431f3cd73837b97a18",
                "sha256:1943a4bfb52f2b5068c8da25cdcfcf28c64c41d891dff70c662927c18ac58052"
            ],
            "version": "==1.0"
        },
        "twisted": {
            "hashes": [
                "sha256:7bc3cdfd1ca5e5b84c7936db3c2cb2feb7d5b77410e713fd346da095a3b6a1d2",
                "sha256:716805e624f9396fcc1f47e8aef68e629fd31599a74855b6e1636122c042458d",
                "sha256:0da1a7e35d5fcae37bc9c7978970b5feb3bc82822155b8654ec63925c05af75c"
            ],
            "version": "==17.9.0"
        },
        "unicodecsv": {
            "hashes": [
                "sha256:018c08037d48649a0412063ff4eda26eaa81eff1546dbffa51fa5293276ff7fc"
            ],
            "version": "==0.14.1"
        },
        "urllib3": {
            "hashes": [
                "sha256:06330f386d6e4b195fbfc736b297f58c5a892e4440e54d294d7004e3a9bbea1b",
                "sha256:cc44da8e1145637334317feebd728bd869a35285b93cbb4cca2577da7e62db4f"
            ],
            "version": "==1.22"
        },
        "werkzeug": {
            "hashes": [
                "sha256:e8549c143af3ce6559699a01e26fa4174f4c591dbee0a499f3cd4c3781cdec3d",
                "sha256:903a7b87b74635244548b30d30db4c8947fe64c5198f58899ddcd3a13c23bb26"
            ],
            "version": "==0.12.2"
        },
        "xlrd": {
            "hashes": [
                "sha256:83a1d2f1091078fb3f65876753b5302c5cfb6a41de64b9587b74cefa75157148",
                "sha256:8a21885513e6d915fe33a8ee5fdfa675433b61405ba13e2a69e62ee36828d7e2"
            ],
            "version": "==1.1.0"
        },
        "xlwt": {
            "hashes": [
                "sha256:a082260524678ba48a297d922cc385f58278b8aa68741596a87de01a9c628b2e",
                "sha256:c59912717a9b28f1a3c2a98fd60741014b06b043936dcecbc113eaaada156c88"
            ],
            "version": "==1.3.0"
        },
        "zope.interface": {
            "hashes": [
                "sha256:9902d5fc11309e17cdce6574243dc114b9c30de5c60ab53c90f6e3e962688565",
                "sha256:4cb1c56b0356da9a33249ef77a688c47107f54191c12a0055d284b6bee7f447e",
                "sha256:ff20038fbc0e7ea050a7e28fcb8ae6ed8378a8d08ac70b848ea39960dda86bbf",
                "sha256:f6868378fffbb8651f1f8a767d17e42aed39926c8f6bb9c56f184022fe6c2090",
                "sha256:a6375035a4b45d199a8b990e3a2f6b71906c318c56dfc14b2d58350b6ca59392",
                "sha256:dec19181cf6af58ccb8ba3fa3ca9d4ec555b2f3cb31f589f6e86d15df0926c31",
                "sha256:b8f3491c9df4f0ffed32b275033e74041f420e5dcdefa4b1500d753c64ef42cf",
                "sha256:5d8813e438ab67a793b09e1223742b757dd95a4a64d466855a53cb113cc9c9c4",
                "sha256:5a8cc535f4212b134e66a3e1c6b93b19d453dbad0e2f89d0df2c01deefc8cad9",
                "sha256:bd626cd76b7e5cbecac9d3e0dd8f98e3eada15ead95713238a523f877327633d",
                "sha256:16fe824b3d93ee0629aa1f04848a1b515d6b5dc9e98cc7a04feaa35fdb0de5f1",
                "sha256:f47d4138405eb67e5f059b9ab74e0a1147adc3277f5fe37d5bae5209b67e89e7",
                "sha256:8dfdc1588db31895f81bcba6c36dc981b4cf4a526c62eae3745bbfbe102477ef",
                "sha256:88e3d54e88a601f45d03e2a062d5d16852d20e0863a92c19260ae72e2586378a",
                "sha256:3d033abd27cd54157cf42a3bfd4d8c28d7fc5c6f775df3332307d2632a79925b",
                "sha256:a21d69de2ee89fc59de93e7a43c0379ecedb5149739ff94e910c2bf0ca18e181",
                "sha256:aef398a5b92e70b8152d2c4850bad0fe185adb50d948f32d0bba5694d82b67c7",
                "sha256:11b068fc9916556f3820f38c2376c28d8e55e4a2c51c34915aaac38b75706d2e",
                "sha256:78321a6c0c8cc6ac928e44ef04d50384bc864a7f5e3c25b84110da2ede83739f",
                "sha256:4be05f79e952793f31a0c2d6a0672c81a3300315da587ce6a590357595217005",
                "sha256:1d954d557b63124a65f2247ac6ed66fa36df18d1e8538d08c9b432e808a634de",
                "sha256:a16a3e07511fb6806bb48c8c661d38cdb91cd4bc6c2b6b0b173e72362ec1ceb4",
                "sha256:d6d26d5dfbfd60c65152938fcb82f949e8dada37c041f72916fef6621ba5c5ce"
            ],
            "version": "==4.4.3"
        }
    },
    "develop": {}
}
